
Microsoft Visual Studio Solution File, Format Version 12.00
# Visual Studio Version 17
VisualStudioVersion = 17.10.35027.167
MinimumVisualStudioVersion = 10.0.40219.1
Project("{FAE04EC0-301F-11D3-BF4B-00C04F79EFBC}") = "Console_team", "Console_team.csproj", "{A369932A-D10D-40FA-8308-FB8983F0EF4F}"
EndProject
Global
	GlobalSection(SolutionConfigurationPlatforms) = preSolution
		Debug|Any CPU = Debug|Any CPU
		Release|Any CPU = Release|Any CPU
	EndGlobalSection
	GlobalSection(ProjectConfigurationPlatforms) = postSolution
		{A369932A-D10D-40FA-8308-FB8983F0EF4F}.Debug|Any CPU.ActiveCfg = Debug|Any CPU
		{A369932A-D10D-40FA-8308-FB8983F0EF4F}.Debug|Any CPU.Build.0 = Debug|Any CPU
		{A369932A-D10D-40FA-8308-FB8983F0EF4F}.Release|Any CPU.ActiveCfg = Release|Any CPU
		{A369932A-D10D-40FA-8308-FB8983F0EF4F}.Release|Any CPU.Build.0 = Release|Any CPU
	EndGlobalSection
	GlobalSection(SolutionProperties) = preSolution
		HideSolutionNode = FALSE
	EndGlobalSection
	GlobalSection(ExtensibilityGlobals) = postSolution
		SolutionGuid = {3171CECC-F621-4427-B274-71DB4DFB0BDB}
	EndGlobalSection
EndGlobal
