
Microsoft Visual Studio Solution File, Format Version 12.00
# Visual Studio Version 17
VisualStudioVersion = 17.10.35027.167
MinimumVisualStudioVersion = 10.0.40219.1
Project("{FAE04EC0-301F-11D3-BF4B-00C04F79EFBC}") = "work2", "work2.csproj", "{B9FFF725-A671-4040-AB83-6A8AD8EA84CB}"
EndProject
Global
	GlobalSection(SolutionConfigurationPlatforms) = preSolution
		Debug|Any CPU = Debug|Any CPU
		Release|Any CPU = Release|Any CPU
	EndGlobalSection
	GlobalSection(ProjectConfigurationPlatforms) = postSolution
		{B9FFF725-A671-4040-AB83-6A8AD8EA84CB}.Debug|Any CPU.ActiveCfg = Debug|Any CPU
		{B9FFF725-A671-4040-AB83-6A8AD8EA84CB}.Debug|Any CPU.Build.0 = Debug|Any CPU
		{B9FFF725-A671-4040-AB83-6A8AD8EA84CB}.Release|Any CPU.ActiveCfg = Release|Any CPU
		{B9FFF725-A671-4040-AB83-6A8AD8EA84CB}.Release|Any CPU.Build.0 = Release|Any CPU
	EndGlobalSection
	GlobalSection(SolutionProperties) = preSolution
		HideSolutionNode = FALSE
	EndGlobalSection
	GlobalSection(ExtensibilityGlobals) = postSolution
		SolutionGuid = {61225A6B-1E56-4071-A657-6CF01215EA6B}
	EndGlobalSection
EndGlobal
